
Microsoft Visual Studio Solution File, Format Version 12.00
# Visual Studio Version 16
VisualStudioVersion = 16.0.31624.102
MinimumVisualStudioVersion = 10.0.40219.1
Project("{9A19103F-16F7-4668-BE54-9A1E7A4F7556}") = "SportsShop.WebApi", "SportsShop.WebApi\SportsShop.WebApi.csproj", "{0AC327B3-C865-4403-995D-AE9D35CC599D}"
EndProject
Global
	GlobalSection(SolutionConfigurationPlatforms) = preSolution
		Debug|Any CPU = Debug|Any CPU
		Release|Any CPU = Release|Any CPU
	EndGlobalSection
	GlobalSection(ProjectConfigurationPlatforms) = postSolution
		{0AC327B3-C865-4403-995D-AE9D35CC599D}.Debug|Any CPU.ActiveCfg = Debug|Any CPU
		{0AC327B3-C865-4403-995D-AE9D35CC599D}.Debug|Any CPU.Build.0 = Debug|Any CPU
		{0AC327B3-C865-4403-995D-AE9D35CC599D}.Release|Any CPU.ActiveCfg = Release|Any CPU
		{0AC327B3-C865-4403-995D-AE9D35CC599D}.Release|Any CPU.Build.0 = Release|Any CPU
	EndGlobalSection
	GlobalSection(SolutionProperties) = preSolution
		HideSolutionNode = FALSE
	EndGlobalSection
	GlobalSection(ExtensibilityGlobals) = postSolution
		SolutionGuid = {89933C10-7B69-4AE6-9F0F-8AB2DD259001}
	EndGlobalSection
EndGlobal
